
Microsoft Visual Studio Solution File, Format Version 12.00
# Visual Studio Version 17
VisualStudioVersion = 17.4.33103.184
MinimumVisualStudioVersion = 10.0.40219.1
Project("{FAE04EC0-301F-11D3-BF4B-00C04F79EFBC}") = "SessizHarf", "SessizHarf\SessizHarf.csproj", "{557D0285-2778-4277-A7BB-E59771C1AD70}"
EndProject
Global
	GlobalSection(SolutionConfigurationPlatforms) = preSolution
		Debug|Any CPU = Debug|Any CPU
		Release|Any CPU = Release|Any CPU
	EndGlobalSection
	GlobalSection(ProjectConfigurationPlatforms) = postSolution
		{557D0285-2778-4277-A7BB-E59771C1AD70}.Debug|Any CPU.ActiveCfg = Debug|Any CPU
		{557D0285-2778-4277-A7BB-E59771C1AD70}.Debug|Any CPU.Build.0 = Debug|Any CPU
		{557D0285-2778-4277-A7BB-E59771C1AD70}.Release|Any CPU.ActiveCfg = Release|Any CPU
		{557D0285-2778-4277-A7BB-E59771C1AD70}.Release|Any CPU.Build.0 = Release|Any CPU
	EndGlobalSection
	GlobalSection(SolutionProperties) = preSolution
		HideSolutionNode = FALSE
	EndGlobalSection
	GlobalSection(ExtensibilityGlobals) = postSolution
		SolutionGuid = {CB30F24D-471A-4551-9BF8-DA5D5B555234}
	EndGlobalSection
EndGlobal
